
Microsoft Visual Studio Solution File, Format Version 12.00
# Visual Studio 15
VisualStudioVersion = 15.0.27004.2002
MinimumVisualStudioVersion = 10.0.40219.1
Project("{D954291E-2A0B-460D-934E-DC6B0785DB48}") = "OpenIDSample", "OpenIDSample\OpenIDSample\OpenIDSample.shproj", "{BB286A44-0D4E-4B21-A8E4-74EFD98853EC}"
EndProject
Project("{FAE04EC0-301F-11D3-BF4B-00C04F79EFBC}") = "OpenIDSample.Android", "OpenIDSample\OpenIDSample.Android\OpenIDSample.Android.csproj", "{64280324-018A-48B9-B284-E026515B509C}"
EndProject
Project("{FAE04EC0-301F-11D3-BF4B-00C04F79EFBC}") = "OpenIDSample.iOS", "OpenIDSample\OpenIDSample.iOS\OpenIDSample.iOS.csproj", "{9DB75DF4-B52C-4211-A6AD-D6BF5DCCF6AC}"
EndProject
Project("{FAE04EC0-301F-11D3-BF4B-00C04F79EFBC}") = "Couchbase.Lite.iOS", "vendor\couchbase-lite-net\src\Couchbase.Lite.iOS\Couchbase.Lite.iOS.csproj", "{443E1BEE-43B3-45A1-ACEA-F7BA71BDAAB1}"
EndProject
Project("{FAE04EC0-301F-11D3-BF4B-00C04F79EFBC}") = "Couchbase.Lite.Android", "vendor\couchbase-lite-net\src\Couchbase.Lite.Android\Couchbase.Lite.Android.csproj", "{5615E423-D0FD-4F99-A99C-061679615CEE}"
EndProject
Project("{FAE04EC0-301F-11D3-BF4B-00C04F79EFBC}") = "storage.customsqlite.droid", "vendor\couchbase-lite-net\src\StorageEngines\CustomSQLite\storage.customsqlite.droid\storage.customsqlite.droid.csproj", "{0289A97A-AB8C-45F3-AA87-B05BB9471D7D}"
EndProject
Project("{FAE04EC0-301F-11D3-BF4B-00C04F79EFBC}") = "storage.systemsqlite.ios", "vendor\couchbase-lite-net\src\StorageEngines\SystemSQLite\storage.systemsqlite.ios\storage.systemsqlite.ios.csproj", "{374A309A-BEC8-4750-BCBF-97895BDFDC13}"
EndProject
Project("{FAE04EC0-301F-11D3-BF4B-00C04F79EFBC}") = "websocket-sharp.droid", "vendor\couchbase-lite-net\vendor\websocket-sharp\websocket-sharp\websocket-sharp.droid.csproj", "{E1153FA4-356A-454D-B32E-136102F2482F}"
EndProject
Project("{FAE04EC0-301F-11D3-BF4B-00C04F79EFBC}") = "websocket-sharp.ios", "vendor\couchbase-lite-net\vendor\websocket-sharp\websocket-sharp\websocket-sharp.ios.csproj", "{DCE46CB2-0317-4A62-9613-AE6A240C46DB}"
EndProject
Project("{2150E333-8FDC-42A3-9474-1A3956D46DE8}") = "vendor", "vendor", "{54A7E3C2-C813-4F72-950B-A614BAD00813}"
EndProject
Global
	GlobalSection(SharedMSBuildProjectFiles) = preSolution
		vendor\couchbase-lite-net\src\StorageEngines\SQLiteCommon\storage.sqlite.common\storage.sqlite.common.projitems*{0289a97a-ab8c-45f3-aa87-b05bb9471d7d}*SharedItemsImports = 4
		vendor\couchbase-lite-net\src\StorageEngines\SQLiteCommon\storage.sqlite.common\storage.sqlite.common.projitems*{374a309a-bec8-4750-bcbf-97895bdfdc13}*SharedItemsImports = 4
		vendor\couchbase-lite-net\src\Couchbase.Lite.Shared\Couchbase.Lite.Shared.projitems*{443e1bee-43b3-45a1-acea-f7ba71bdaab1}*SharedItemsImports = 4
		vendor\couchbase-lite-net\src\Couchbase.Lite.Shared\Couchbase.Lite.Shared.projitems*{5615e423-d0fd-4f99-a99c-061679615cee}*SharedItemsImports = 4
		OpenIDSample\OpenIDSample\OpenIDSample.projitems*{64280324-018a-48b9-b284-e026515b509c}*SharedItemsImports = 4
		OpenIDSample\OpenIDSample\OpenIDSample.projitems*{9db75df4-b52c-4211-a6ad-d6bf5dccf6ac}*SharedItemsImports = 4
		OpenIDSample\OpenIDSample\OpenIDSample.projitems*{bb286a44-0d4e-4b21-a8e4-74efd98853ec}*SharedItemsImports = 13
		vendor\couchbase-lite-net\vendor\websocket-sharp\websocket-sharp\websocket-sharp.shared.projitems*{dce46cb2-0317-4a62-9613-ae6a240c46db}*SharedItemsImports = 4
		vendor\couchbase-lite-net\vendor\websocket-sharp\websocket-sharp\websocket-sharp.shared.projitems*{e1153fa4-356a-454d-b32e-136102f2482f}*SharedItemsImports = 4
	EndGlobalSection
	GlobalSection(SolutionConfigurationPlatforms) = preSolution
		Ad-Hoc|Any CPU = Ad-Hoc|Any CPU
		Ad-Hoc|ARM = Ad-Hoc|ARM
		Ad-Hoc|iPhone = Ad-Hoc|iPhone
		Ad-Hoc|iPhoneSimulator = Ad-Hoc|iPhoneSimulator
		Ad-Hoc|x64 = Ad-Hoc|x64
		Ad-Hoc|x86 = Ad-Hoc|x86
		AppStore|Any CPU = AppStore|Any CPU
		AppStore|ARM = AppStore|ARM
		AppStore|iPhone = AppStore|iPhone
		AppStore|iPhoneSimulator = AppStore|iPhoneSimulator
		AppStore|x64 = AppStore|x64
		AppStore|x86 = AppStore|x86
		Debug|Any CPU = Debug|Any CPU
		Debug|ARM = Debug|ARM
		Debug|iPhone = Debug|iPhone
		Debug|iPhoneSimulator = Debug|iPhoneSimulator
		Debug|x64 = Debug|x64
		Debug|x86 = Debug|x86
		Packaging|Any CPU = Packaging|Any CPU
		Packaging|ARM = Packaging|ARM
		Packaging|iPhone = Packaging|iPhone
		Packaging|iPhoneSimulator = Packaging|iPhoneSimulator
		Packaging|x64 = Packaging|x64
		Packaging|x86 = Packaging|x86
		Release|Any CPU = Release|Any CPU
		Release|ARM = Release|ARM
		Release|iPhone = Release|iPhone
		Release|iPhoneSimulator = Release|iPhoneSimulator
		Release|x64 = Release|x64
		Release|x86 = Release|x86
	EndGlobalSection
	GlobalSection(ProjectConfigurationPlatforms) = postSolution
		{64280324-018A-48B9-B284-E026515B509C}.Ad-Hoc|Any CPU.ActiveCfg = Release|Any CPU
		{64280324-018A-48B9-B284-E026515B509C}.Ad-Hoc|Any CPU.Build.0 = Release|Any CPU
		{64280324-018A-48B9-B284-E026515B509C}.Ad-Hoc|Any CPU.Deploy.0 = Release|Any CPU
		{64280324-018A-48B9-B284-E026515B509C}.Ad-Hoc|ARM.ActiveCfg = Release|Any CPU
		{64280324-018A-48B9-B284-E026515B509C}.Ad-Hoc|ARM.Build.0 = Release|Any CPU
		{64280324-018A-48B9-B284-E026515B509C}.Ad-Hoc|ARM.Deploy.0 = Release|Any CPU
		{64280324-018A-48B9-B284-E026515B509C}.Ad-Hoc|iPhone.ActiveCfg = Release|Any CPU
		{64280324-018A-48B9-B284-E026515B509C}.Ad-Hoc|iPhone.Build.0 = Release|Any CPU
		{64280324-018A-48B9-B284-E026515B509C}.Ad-Hoc|iPhone.Deploy.0 = Release|Any CPU
		{64280324-018A-48B9-B284-E026515B509C}.Ad-Hoc|iPhoneSimulator.ActiveCfg = Release|Any CPU
		{64280324-018A-48B9-B284-E026515B509C}.Ad-Hoc|iPhoneSimulator.Build.0 = Release|Any CPU
		{64280324-018A-48B9-B284-E026515B509C}.Ad-Hoc|iPhoneSimulator.Deploy.0 = Release|Any CPU
		{64280324-018A-48B9-B284-E026515B509C}.Ad-Hoc|x64.ActiveCfg = Release|Any CPU
		{64280324-018A-48B9-B284-E026515B509C}.Ad-Hoc|x64.Build.0 = Release|Any CPU
		{64280324-018A-48B9-B284-E026515B509C}.Ad-Hoc|x64.Deploy.0 = Release|Any CPU
		{64280324-018A-48B9-B284-E026515B509C}.Ad-Hoc|x86.ActiveCfg = Release|Any CPU
		{64280324-018A-48B9-B284-E026515B509C}.Ad-Hoc|x86.Build.0 = Release|Any CPU
		{64280324-018A-48B9-B284-E026515B509C}.Ad-Hoc|x86.Deploy.0 = Release|Any CPU
		{64280324-018A-48B9-B284-E026515B509C}.AppStore|Any CPU.ActiveCfg = Release|Any CPU
		{64280324-018A-48B9-B284-E026515B509C}.AppStore|Any CPU.Build.0 = Release|Any CPU
		{64280324-018A-48B9-B284-E026515B509C}.AppStore|Any CPU.Deploy.0 = Release|Any CPU
		{64280324-018A-48B9-B284-E026515B509C}.AppStore|ARM.ActiveCfg = Release|Any CPU
		{64280324-018A-48B9-B284-E026515B509C}.AppStore|ARM.Build.0 = Release|Any CPU
		{64280324-018A-48B9-B284-E026515B509C}.AppStore|ARM.Deploy.0 = Release|Any CPU
		{64280324-018A-48B9-B284-E026515B509C}.AppStore|iPhone.ActiveCfg = Release|Any CPU
		{64280324-018A-48B9-B284-E026515B509C}.AppStore|iPhone.Build.0 = Release|Any CPU
		{64280324-018A-48B9-B284-E026515B509C}.AppStore|iPhone.Deploy.0 = Release|Any CPU
		{64280324-018A-48B9-B284-E026515B509C}.AppStore|iPhoneSimulator.ActiveCfg = Release|Any CPU
		{64280324-018A-48B9-B284-E026515B509C}.AppStore|iPhoneSimulator.Build.0 = Release|Any CPU
		{64280324-018A-48B9-B284-E026515B509C}.AppStore|iPhoneSimulator.Deploy.0 = Release|Any CPU
		{64280324-018A-48B9-B284-E026515B509C}.AppStore|x64.ActiveCfg = Release|Any CPU
		{64280324-018A-48B9-B284-E026515B509C}.AppStore|x64.Build.0 = Release|Any CPU
		{64280324-018A-48B9-B284-E026515B509C}.AppStore|x64.Deploy.0 = Release|Any CPU
		{64280324-018A-48B9-B284-E026515B509C}.AppStore|x86.ActiveCfg = Release|Any CPU
		{64280324-018A-48B9-B284-E026515B509C}.AppStore|x86.Build.0 = Release|Any CPU
		{64280324-018A-48B9-B284-E026515B509C}.AppStore|x86.Deploy.0 = Release|Any CPU
		{64280324-018A-48B9-B284-E026515B509C}.Debug|Any CPU.ActiveCfg = Debug|Any CPU
		{64280324-018A-48B9-B284-E026515B509C}.Debug|Any CPU.Build.0 = Debug|Any CPU
		{64280324-018A-48B9-B284-E026515B509C}.Debug|Any CPU.Deploy.0 = Debug|Any CPU
		{64280324-018A-48B9-B284-E026515B509C}.Debug|ARM.ActiveCfg = Debug|Any CPU
		{64280324-018A-48B9-B284-E026515B509C}.Debug|ARM.Build.0 = Debug|Any CPU
		{64280324-018A-48B9-B284-E026515B509C}.Debug|ARM.Deploy.0 = Debug|Any CPU
		{64280324-018A-48B9-B284-E026515B509C}.Debug|iPhone.ActiveCfg = Debug|Any CPU
		{64280324-018A-48B9-B284-E026515B509C}.Debug|iPhone.Build.0 = Debug|Any CPU
		{64280324-018A-48B9-B284-E026515B509C}.Debug|iPhone.Deploy.0 = Debug|Any CPU
		{64280324-018A-48B9-B284-E026515B509C}.Debug|iPhoneSimulator.ActiveCfg = Debug|Any CPU
		{64280324-018A-48B9-B284-E026515B509C}.Debug|iPhoneSimulator.Build.0 = Debug|Any CPU
		{64280324-018A-48B9-B284-E026515B509C}.Debug|iPhoneSimulator.Deploy.0 = Debug|Any CPU
		{64280324-018A-48B9-B284-E026515B509C}.Debug|x64.ActiveCfg = Debug|Any CPU
		{64280324-018A-48B9-B284-E026515B509C}.Debug|x64.Build.0 = Debug|Any CPU
		{64280324-018A-48B9-B284-E026515B509C}.Debug|x64.Deploy.0 = Debug|Any CPU
		{64280324-018A-48B9-B284-E026515B509C}.Debug|x86.ActiveCfg = Debug|Any CPU
		{64280324-018A-48B9-B284-E026515B509C}.Debug|x86.Build.0 = Debug|Any CPU
		{64280324-018A-48B9-B284-E026515B509C}.Debug|x86.Deploy.0 = Debug|Any CPU
		{64280324-018A-48B9-B284-E026515B509C}.Packaging|Any CPU.ActiveCfg = Release|Any CPU
		{64280324-018A-48B9-B284-E026515B509C}.Packaging|Any CPU.Build.0 = Release|Any CPU
		{64280324-018A-48B9-B284-E026515B509C}.Packaging|Any CPU.Deploy.0 = Release|Any CPU
		{64280324-018A-48B9-B284-E026515B509C}.Packaging|ARM.ActiveCfg = Release|Any CPU
		{64280324-018A-48B9-B284-E026515B509C}.Packaging|ARM.Build.0 = Release|Any CPU
		{64280324-018A-48B9-B284-E026515B509C}.Packaging|ARM.Deploy.0 = Release|Any CPU
		{64280324-018A-48B9-B284-E026515B509C}.Packaging|iPhone.ActiveCfg = Release|Any CPU
		{64280324-018A-48B9-B284-E026515B509C}.Packaging|iPhone.Build.0 = Release|Any CPU
		{64280324-018A-48B9-B284-E026515B509C}.Packaging|iPhone.Deploy.0 = Release|Any CPU
		{64280324-018A-48B9-B284-E026515B509C}.Packaging|iPhoneSimulator.ActiveCfg = Release|Any CPU
		{64280324-018A-48B9-B284-E026515B509C}.Packaging|iPhoneSimulator.Build.0 = Release|Any CPU
		{64280324-018A-48B9-B284-E026515B509C}.Packaging|iPhoneSimulator.Deploy.0 = Release|Any CPU
		{64280324-018A-48B9-B284-E026515B509C}.Packaging|x64.ActiveCfg = Release|Any CPU
		{64280324-018A-48B9-B284-E026515B509C}.Packaging|x64.Build.0 = Release|Any CPU
		{64280324-018A-48B9-B284-E026515B509C}.Packaging|x64.Deploy.0 = Release|Any CPU
		{64280324-018A-48B9-B284-E026515B509C}.Packaging|x86.ActiveCfg = Release|Any CPU
		{64280324-018A-48B9-B284-E026515B509C}.Packaging|x86.Build.0 = Release|Any CPU
		{64280324-018A-48B9-B284-E026515B509C}.Packaging|x86.Deploy.0 = Release|Any CPU
		{64280324-018A-48B9-B284-E026515B509C}.Release|Any CPU.ActiveCfg = Release|Any CPU
		{64280324-018A-48B9-B284-E026515B509C}.Release|Any CPU.Build.0 = Release|Any CPU
		{64280324-018A-48B9-B284-E026515B509C}.Release|Any CPU.Deploy.0 = Release|Any CPU
		{64280324-018A-48B9-B284-E026515B509C}.Release|ARM.ActiveCfg = Release|Any CPU
		{64280324-018A-48B9-B284-E026515B509C}.Release|ARM.Build.0 = Release|Any CPU
		{64280324-018A-48B9-B284-E026515B509C}.Release|ARM.Deploy.0 = Release|Any CPU
		{64280324-018A-48B9-B284-E026515B509C}.Release|iPhone.ActiveCfg = Release|Any CPU
		{64280324-018A-48B9-B284-E026515B509C}.Release|iPhone.Build.0 = Release|Any CPU
		{64280324-018A-48B9-B284-E026515B509C}.Release|iPhone.Deploy.0 = Release|Any CPU
		{64280324-018A-48B9-B284-E026515B509C}.Release|iPhoneSimulator.ActiveCfg = Release|Any CPU
		{64280324-018A-48B9-B284-E026515B509C}.Release|iPhoneSimulator.Build.0 = Release|Any CPU
		{64280324-018A-48B9-B284-E026515B509C}.Release|iPhoneSimulator.Deploy.0 = Release|Any CPU
		{64280324-018A-48B9-B284-E026515B509C}.Release|x64.ActiveCfg = Release|Any CPU
		{64280324-018A-48B9-B284-E026515B509C}.Release|x64.Build.0 = Release|Any CPU
		{64280324-018A-48B9-B284-E026515B509C}.Release|x64.Deploy.0 = Release|Any CPU
		{64280324-018A-48B9-B284-E026515B509C}.Release|x86.ActiveCfg = Release|Any CPU
		{64280324-018A-48B9-B284-E026515B509C}.Release|x86.Build.0 = Release|Any CPU
		{64280324-018A-48B9-B284-E026515B509C}.Release|x86.Deploy.0 = Release|Any CPU
		{9DB75DF4-B52C-4211-A6AD-D6BF5DCCF6AC}.Ad-Hoc|Any CPU.ActiveCfg = Ad-Hoc|iPhone
		{9DB75DF4-B52C-4211-A6AD-D6BF5DCCF6AC}.Ad-Hoc|ARM.ActiveCfg = Ad-Hoc|iPhone
		{9DB75DF4-B52C-4211-A6AD-D6BF5DCCF6AC}.Ad-Hoc|iPhone.ActiveCfg = Ad-Hoc|iPhone
		{9DB75DF4-B52C-4211-A6AD-D6BF5DCCF6AC}.Ad-Hoc|iPhone.Build.0 = Ad-Hoc|iPhone
		{9DB75DF4-B52C-4211-A6AD-D6BF5DCCF6AC}.Ad-Hoc|iPhoneSimulator.ActiveCfg = Ad-Hoc|iPhoneSimulator
		{9DB75DF4-B52C-4211-A6AD-D6BF5DCCF6AC}.Ad-Hoc|iPhoneSimulator.Build.0 = Ad-Hoc|iPhoneSimulator
		{9DB75DF4-B52C-4211-A6AD-D6BF5DCCF6AC}.Ad-Hoc|x64.ActiveCfg = Ad-Hoc|iPhone
		{9DB75DF4-B52C-4211-A6AD-D6BF5DCCF6AC}.Ad-Hoc|x86.ActiveCfg = Ad-Hoc|iPhone
		{9DB75DF4-B52C-4211-A6AD-D6BF5DCCF6AC}.AppStore|Any CPU.ActiveCfg = AppStore|iPhone
		{9DB75DF4-B52C-4211-A6AD-D6BF5DCCF6AC}.AppStore|ARM.ActiveCfg = AppStore|iPhone
		{9DB75DF4-B52C-4211-A6AD-D6BF5DCCF6AC}.AppStore|iPhone.ActiveCfg = AppStore|iPhone
		{9DB75DF4-B52C-4211-A6AD-D6BF5DCCF6AC}.AppStore|iPhone.Build.0 = AppStore|iPhone
		{9DB75DF4-B52C-4211-A6AD-D6BF5DCCF6AC}.AppStore|iPhoneSimulator.ActiveCfg = AppStore|iPhoneSimulator
		{9DB75DF4-B52C-4211-A6AD-D6BF5DCCF6AC}.AppStore|iPhoneSimulator.Build.0 = AppStore|iPhoneSimulator
		{9DB75DF4-B52C-4211-A6AD-D6BF5DCCF6AC}.AppStore|x64.ActiveCfg = AppStore|iPhone
		{9DB75DF4-B52C-4211-A6AD-D6BF5DCCF6AC}.AppStore|x86.ActiveCfg = AppStore|iPhone
		{9DB75DF4-B52C-4211-A6AD-D6BF5DCCF6AC}.Debug|Any CPU.ActiveCfg = Debug|iPhone
		{9DB75DF4-B52C-4211-A6AD-D6BF5DCCF6AC}.Debug|ARM.ActiveCfg = Debug|iPhone
		{9DB75DF4-B52C-4211-A6AD-D6BF5DCCF6AC}.Debug|iPhone.ActiveCfg = Debug|iPhone
		{9DB75DF4-B52C-4211-A6AD-D6BF5DCCF6AC}.Debug|iPhone.Build.0 = Debug|iPhone
		{9DB75DF4-B52C-4211-A6AD-D6BF5DCCF6AC}.Debug|iPhoneSimulator.ActiveCfg = Debug|iPhoneSimulator
		{9DB75DF4-B52C-4211-A6AD-D6BF5DCCF6AC}.Debug|iPhoneSimulator.Build.0 = Debug|iPhoneSimulator
		{9DB75DF4-B52C-4211-A6AD-D6BF5DCCF6AC}.Debug|x64.ActiveCfg = Debug|iPhone
		{9DB75DF4-B52C-4211-A6AD-D6BF5DCCF6AC}.Debug|x86.ActiveCfg = Debug|iPhone
		{9DB75DF4-B52C-4211-A6AD-D6BF5DCCF6AC}.Packaging|Any CPU.ActiveCfg = AppStore|iPhone
		{9DB75DF4-B52C-4211-A6AD-D6BF5DCCF6AC}.Packaging|Any CPU.Build.0 = AppStore|iPhone
		{9DB75DF4-B52C-4211-A6AD-D6BF5DCCF6AC}.Packaging|ARM.ActiveCfg = AppStore|iPhone
		{9DB75DF4-B52C-4211-A6AD-D6BF5DCCF6AC}.Packaging|ARM.Build.0 = AppStore|iPhone
		{9DB75DF4-B52C-4211-A6AD-D6BF5DCCF6AC}.Packaging|iPhone.ActiveCfg = AppStore|iPhone
		{9DB75DF4-B52C-4211-A6AD-D6BF5DCCF6AC}.Packaging|iPhone.Build.0 = AppStore|iPhone
		{9DB75DF4-B52C-4211-A6AD-D6BF5DCCF6AC}.Packaging|iPhoneSimulator.ActiveCfg = AppStore|iPhoneSimulator
		{9DB75DF4-B52C-4211-A6AD-D6BF5DCCF6AC}.Packaging|iPhoneSimulator.Build.0 = AppStore|iPhoneSimulator
		{9DB75DF4-B52C-4211-A6AD-D6BF5DCCF6AC}.Packaging|x64.ActiveCfg = AppStore|iPhone
		{9DB75DF4-B52C-4211-A6AD-D6BF5DCCF6AC}.Packaging|x64.Build.0 = AppStore|iPhone
		{9DB75DF4-B52C-4211-A6AD-D6BF5DCCF6AC}.Packaging|x86.ActiveCfg = AppStore|iPhone
		{9DB75DF4-B52C-4211-A6AD-D6BF5DCCF6AC}.Packaging|x86.Build.0 = AppStore|iPhone
		{9DB75DF4-B52C-4211-A6AD-D6BF5DCCF6AC}.Release|Any CPU.ActiveCfg = Release|iPhone
		{9DB75DF4-B52C-4211-A6AD-D6BF5DCCF6AC}.Release|ARM.ActiveCfg = Release|iPhone
		{9DB75DF4-B52C-4211-A6AD-D6BF5DCCF6AC}.Release|iPhone.ActiveCfg = Release|iPhone
		{9DB75DF4-B52C-4211-A6AD-D6BF5DCCF6AC}.Release|iPhone.Build.0 = Release|iPhone
		{9DB75DF4-B52C-4211-A6AD-D6BF5DCCF6AC}.Release|iPhoneSimulator.ActiveCfg = Release|iPhoneSimulator
		{9DB75DF4-B52C-4211-A6AD-D6BF5DCCF6AC}.Release|iPhoneSimulator.Build.0 = Release|iPhoneSimulator
		{9DB75DF4-B52C-4211-A6AD-D6BF5DCCF6AC}.Release|x64.ActiveCfg = Release|iPhone
		{9DB75DF4-B52C-4211-A6AD-D6BF5DCCF6AC}.Release|x86.ActiveCfg = Release|iPhone
		{443E1BEE-43B3-45A1-ACEA-F7BA71BDAAB1}.Ad-Hoc|Any CPU.ActiveCfg = Packaging|Any CPU
		{443E1BEE-43B3-45A1-ACEA-F7BA71BDAAB1}.Ad-Hoc|Any CPU.Build.0 = Packaging|Any CPU
		{443E1BEE-43B3-45A1-ACEA-F7BA71BDAAB1}.Ad-Hoc|ARM.ActiveCfg = Packaging|Any CPU
		{443E1BEE-43B3-45A1-ACEA-F7BA71BDAAB1}.Ad-Hoc|ARM.Build.0 = Packaging|Any CPU
		{443E1BEE-43B3-45A1-ACEA-F7BA71BDAAB1}.Ad-Hoc|iPhone.ActiveCfg = Packaging|Any CPU
		{443E1BEE-43B3-45A1-ACEA-F7BA71BDAAB1}.Ad-Hoc|iPhone.Build.0 = Packaging|Any CPU
		{443E1BEE-43B3-45A1-ACEA-F7BA71BDAAB1}.Ad-Hoc|iPhoneSimulator.ActiveCfg = Packaging|Any CPU
		{443E1BEE-43B3-45A1-ACEA-F7BA71BDAAB1}.Ad-Hoc|iPhoneSimulator.Build.0 = Packaging|Any CPU
		{443E1BEE-43B3-45A1-ACEA-F7BA71BDAAB1}.Ad-Hoc|x64.ActiveCfg = Packaging|Any CPU
		{443E1BEE-43B3-45A1-ACEA-F7BA71BDAAB1}.Ad-Hoc|x64.Build.0 = Packaging|Any CPU
		{443E1BEE-43B3-45A1-ACEA-F7BA71BDAAB1}.Ad-Hoc|x86.ActiveCfg = Packaging|Any CPU
		{443E1BEE-43B3-45A1-ACEA-F7BA71BDAAB1}.Ad-Hoc|x86.Build.0 = Packaging|Any CPU
		{443E1BEE-43B3-45A1-ACEA-F7BA71BDAAB1}.AppStore|Any CPU.ActiveCfg = Packaging|Any CPU
		{443E1BEE-43B3-45A1-ACEA-F7BA71BDAAB1}.AppStore|Any CPU.Build.0 = Packaging|Any CPU
		{443E1BEE-43B3-45A1-ACEA-F7BA71BDAAB1}.AppStore|ARM.ActiveCfg = Packaging|Any CPU
		{443E1BEE-43B3-45A1-ACEA-F7BA71BDAAB1}.AppStore|ARM.Build.0 = Packaging|Any CPU
		{443E1BEE-43B3-45A1-ACEA-F7BA71BDAAB1}.AppStore|iPhone.ActiveCfg = Packaging|Any CPU
		{443E1BEE-43B3-45A1-ACEA-F7BA71BDAAB1}.AppStore|iPhone.Build.0 = Packaging|Any CPU
		{443E1BEE-43B3-45A1-ACEA-F7BA71BDAAB1}.AppStore|iPhoneSimulator.ActiveCfg = Packaging|Any CPU
		{443E1BEE-43B3-45A1-ACEA-F7BA71BDAAB1}.AppStore|iPhoneSimulator.Build.0 = Packaging|Any CPU
		{443E1BEE-43B3-45A1-ACEA-F7BA71BDAAB1}.AppStore|x64.ActiveCfg = Packaging|Any CPU
		{443E1BEE-43B3-45A1-ACEA-F7BA71BDAAB1}.AppStore|x64.Build.0 = Packaging|Any CPU
		{443E1BEE-43B3-45A1-ACEA-F7BA71BDAAB1}.AppStore|x86.ActiveCfg = Packaging|Any CPU
		{443E1BEE-43B3-45A1-ACEA-F7BA71BDAAB1}.AppStore|x86.Build.0 = Packaging|Any CPU
		{443E1BEE-43B3-45A1-ACEA-F7BA71BDAAB1}.Debug|Any CPU.ActiveCfg = Debug|Any CPU
		{443E1BEE-43B3-45A1-ACEA-F7BA71BDAAB1}.Debug|Any CPU.Build.0 = Debug|Any CPU
		{443E1BEE-43B3-45A1-ACEA-F7BA71BDAAB1}.Debug|ARM.ActiveCfg = Debug|Any CPU
		{443E1BEE-43B3-45A1-ACEA-F7BA71BDAAB1}.Debug|ARM.Build.0 = Debug|Any CPU
		{443E1BEE-43B3-45A1-ACEA-F7BA71BDAAB1}.Debug|iPhone.ActiveCfg = Debug|Any CPU
		{443E1BEE-43B3-45A1-ACEA-F7BA71BDAAB1}.Debug|iPhone.Build.0 = Debug|Any CPU
		{443E1BEE-43B3-45A1-ACEA-F7BA71BDAAB1}.Debug|iPhoneSimulator.ActiveCfg = Debug|Any CPU
		{443E1BEE-43B3-45A1-ACEA-F7BA71BDAAB1}.Debug|iPhoneSimulator.Build.0 = Debug|Any CPU
		{443E1BEE-43B3-45A1-ACEA-F7BA71BDAAB1}.Debug|x64.ActiveCfg = Debug|Any CPU
		{443E1BEE-43B3-45A1-ACEA-F7BA71BDAAB1}.Debug|x64.Build.0 = Debug|Any CPU
		{443E1BEE-43B3-45A1-ACEA-F7BA71BDAAB1}.Debug|x86.ActiveCfg = Debug|Any CPU
		{443E1BEE-43B3-45A1-ACEA-F7BA71BDAAB1}.Debug|x86.Build.0 = Debug|Any CPU
		{443E1BEE-43B3-45A1-ACEA-F7BA71BDAAB1}.Packaging|Any CPU.ActiveCfg = Packaging|Any CPU
		{443E1BEE-43B3-45A1-ACEA-F7BA71BDAAB1}.Packaging|Any CPU.Build.0 = Packaging|Any CPU
		{443E1BEE-43B3-45A1-ACEA-F7BA71BDAAB1}.Packaging|ARM.ActiveCfg = Packaging|Any CPU
		{443E1BEE-43B3-45A1-ACEA-F7BA71BDAAB1}.Packaging|ARM.Build.0 = Packaging|Any CPU
		{443E1BEE-43B3-45A1-ACEA-F7BA71BDAAB1}.Packaging|iPhone.ActiveCfg = Packaging|Any CPU
		{443E1BEE-43B3-45A1-ACEA-F7BA71BDAAB1}.Packaging|iPhone.Build.0 = Packaging|Any CPU
		{443E1BEE-43B3-45A1-ACEA-F7BA71BDAAB1}.Packaging|iPhoneSimulator.ActiveCfg = Packaging|Any CPU
		{443E1BEE-43B3-45A1-ACEA-F7BA71BDAAB1}.Packaging|iPhoneSimulator.Build.0 = Packaging|Any CPU
		{443E1BEE-43B3-45A1-ACEA-F7BA71BDAAB1}.Packaging|x64.ActiveCfg = Packaging|Any CPU
		{443E1BEE-43B3-45A1-ACEA-F7BA71BDAAB1}.Packaging|x64.Build.0 = Packaging|Any CPU
		{443E1BEE-43B3-45A1-ACEA-F7BA71BDAAB1}.Packaging|x86.ActiveCfg = Packaging|Any CPU
		{443E1BEE-43B3-45A1-ACEA-F7BA71BDAAB1}.Packaging|x86.Build.0 = Packaging|Any CPU
		{443E1BEE-43B3-45A1-ACEA-F7BA71BDAAB1}.Release|Any CPU.ActiveCfg = Release|Any CPU
		{443E1BEE-43B3-45A1-ACEA-F7BA71BDAAB1}.Release|Any CPU.Build.0 = Release|Any CPU
		{443E1BEE-43B3-45A1-ACEA-F7BA71BDAAB1}.Release|ARM.ActiveCfg = Release|Any CPU
		{443E1BEE-43B3-45A1-ACEA-F7BA71BDAAB1}.Release|ARM.Build.0 = Release|Any CPU
		{443E1BEE-43B3-45A1-ACEA-F7BA71BDAAB1}.Release|iPhone.ActiveCfg = Release|Any CPU
		{443E1BEE-43B3-45A1-ACEA-F7BA71BDAAB1}.Release|iPhone.Build.0 = Release|Any CPU
		{443E1BEE-43B3-45A1-ACEA-F7BA71BDAAB1}.Release|iPhoneSimulator.ActiveCfg = Release|Any CPU
		{443E1BEE-43B3-45A1-ACEA-F7BA71BDAAB1}.Release|iPhoneSimulator.Build.0 = Release|Any CPU
		{443E1BEE-43B3-45A1-ACEA-F7BA71BDAAB1}.Release|x64.ActiveCfg = Release|Any CPU
		{443E1BEE-43B3-45A1-ACEA-F7BA71BDAAB1}.Release|x64.Build.0 = Release|Any CPU
		{443E1BEE-43B3-45A1-ACEA-F7BA71BDAAB1}.Release|x86.ActiveCfg = Release|Any CPU
		{443E1BEE-43B3-45A1-ACEA-F7BA71BDAAB1}.Release|x86.Build.0 = Release|Any CPU
		{5615E423-D0FD-4F99-A99C-061679615CEE}.Ad-Hoc|Any CPU.ActiveCfg = Packaging|Any CPU
		{5615E423-D0FD-4F99-A99C-061679615CEE}.Ad-Hoc|Any CPU.Build.0 = Packaging|Any CPU
		{5615E423-D0FD-4F99-A99C-061679615CEE}.Ad-Hoc|ARM.ActiveCfg = Packaging|Any CPU
		{5615E423-D0FD-4F99-A99C-061679615CEE}.Ad-Hoc|ARM.Build.0 = Packaging|Any CPU
		{5615E423-D0FD-4F99-A99C-061679615CEE}.Ad-Hoc|iPhone.ActiveCfg = Packaging|Any CPU
		{5615E423-D0FD-4F99-A99C-061679615CEE}.Ad-Hoc|iPhone.Build.0 = Packaging|Any CPU
		{5615E423-D0FD-4F99-A99C-061679615CEE}.Ad-Hoc|iPhoneSimulator.ActiveCfg = Packaging|Any CPU
		{5615E423-D0FD-4F99-A99C-061679615CEE}.Ad-Hoc|iPhoneSimulator.Build.0 = Packaging|Any CPU
		{5615E423-D0FD-4F99-A99C-061679615CEE}.Ad-Hoc|x64.ActiveCfg = Packaging|Any CPU
		{5615E423-D0FD-4F99-A99C-061679615CEE}.Ad-Hoc|x64.Build.0 = Packaging|Any CPU
		{5615E423-D0FD-4F99-A99C-061679615CEE}.Ad-Hoc|x86.ActiveCfg = Packaging|Any CPU
		{5615E423-D0FD-4F99-A99C-061679615CEE}.Ad-Hoc|x86.Build.0 = Packaging|Any CPU
		{5615E423-D0FD-4F99-A99C-061679615CEE}.AppStore|Any CPU.ActiveCfg = Packaging|Any CPU
		{5615E423-D0FD-4F99-A99C-061679615CEE}.AppStore|Any CPU.Build.0 = Packaging|Any CPU
		{5615E423-D0FD-4F99-A99C-061679615CEE}.AppStore|ARM.ActiveCfg = Packaging|Any CPU
		{5615E423-D0FD-4F99-A99C-061679615CEE}.AppStore|ARM.Build.0 = Packaging|Any CPU
		{5615E423-D0FD-4F99-A99C-061679615CEE}.AppStore|iPhone.ActiveCfg = Packaging|Any CPU
		{5615E423-D0FD-4F99-A99C-061679615CEE}.AppStore|iPhone.Build.0 = Packaging|Any CPU
		{5615E423-D0FD-4F99-A99C-061679615CEE}.AppStore|iPhoneSimulator.ActiveCfg = Packaging|Any CPU
		{5615E423-D0FD-4F99-A99C-061679615CEE}.AppStore|iPhoneSimulator.Build.0 = Packaging|Any CPU
		{5615E423-D0FD-4F99-A99C-061679615CEE}.AppStore|x64.ActiveCfg = Packaging|Any CPU
		{5615E423-D0FD-4F99-A99C-061679615CEE}.AppStore|x64.Build.0 = Packaging|Any CPU
		{5615E423-D0FD-4F99-A99C-061679615CEE}.AppStore|x86.ActiveCfg = Packaging|Any CPU
		{5615E423-D0FD-4F99-A99C-061679615CEE}.AppStore|x86.Build.0 = Packaging|Any CPU
		{5615E423-D0FD-4F99-A99C-061679615CEE}.Debug|Any CPU.ActiveCfg = Debug|Any CPU
		{5615E423-D0FD-4F99-A99C-061679615CEE}.Debug|Any CPU.Build.0 = Debug|Any CPU
		{5615E423-D0FD-4F99-A99C-061679615CEE}.Debug|ARM.ActiveCfg = Debug|Any CPU
		{5615E423-D0FD-4F99-A99C-061679615CEE}.Debug|ARM.Build.0 = Debug|Any CPU
		{5615E423-D0FD-4F99-A99C-061679615CEE}.Debug|iPhone.ActiveCfg = Debug|Any CPU
		{5615E423-D0FD-4F99-A99C-061679615CEE}.Debug|iPhone.Build.0 = Debug|Any CPU
		{5615E423-D0FD-4F99-A99C-061679615CEE}.Debug|iPhoneSimulator.ActiveCfg = Debug|Any CPU
		{5615E423-D0FD-4F99-A99C-061679615CEE}.Debug|iPhoneSimulator.Build.0 = Debug|Any CPU
		{5615E423-D0FD-4F99-A99C-061679615CEE}.Debug|x64.ActiveCfg = Debug|Any CPU
		{5615E423-D0FD-4F99-A99C-061679615CEE}.Debug|x64.Build.0 = Debug|Any CPU
		{5615E423-D0FD-4F99-A99C-061679615CEE}.Debug|x86.ActiveCfg = Debug|Any CPU
		{5615E423-D0FD-4F99-A99C-061679615CEE}.Debug|x86.Build.0 = Debug|Any CPU
		{5615E423-D0FD-4F99-A99C-061679615CEE}.Packaging|Any CPU.ActiveCfg = Packaging|Any CPU
		{5615E423-D0FD-4F99-A99C-061679615CEE}.Packaging|Any CPU.Build.0 = Packaging|Any CPU
		{5615E423-D0FD-4F99-A99C-061679615CEE}.Packaging|ARM.ActiveCfg = Packaging|Any CPU
		{5615E423-D0FD-4F99-A99C-061679615CEE}.Packaging|ARM.Build.0 = Packaging|Any CPU
		{5615E423-D0FD-4F99-A99C-061679615CEE}.Packaging|iPhone.ActiveCfg = Packaging|Any CPU
		{5615E423-D0FD-4F99-A99C-061679615CEE}.Packaging|iPhone.Build.0 = Packaging|Any CPU
		{5615E423-D0FD-4F99-A99C-061679615CEE}.Packaging|iPhoneSimulator.ActiveCfg = Packaging|Any CPU
		{5615E423-D0FD-4F99-A99C-061679615CEE}.Packaging|iPhoneSimulator.Build.0 = Packaging|Any CPU
		{5615E423-D0FD-4F99-A99C-061679615CEE}.Packaging|x64.ActiveCfg = Packaging|Any CPU
		{5615E423-D0FD-4F99-A99C-061679615CEE}.Packaging|x64.Build.0 = Packaging|Any CPU
		{5615E423-D0FD-4F99-A99C-061679615CEE}.Packaging|x86.ActiveCfg = Packaging|Any CPU
		{5615E423-D0FD-4F99-A99C-061679615CEE}.Packaging|x86.Build.0 = Packaging|Any CPU
		{5615E423-D0FD-4F99-A99C-061679615CEE}.Release|Any CPU.ActiveCfg = Release|Any CPU
		{5615E423-D0FD-4F99-A99C-061679615CEE}.Release|Any CPU.Build.0 = Release|Any CPU
		{5615E423-D0FD-4F99-A99C-061679615CEE}.Release|ARM.ActiveCfg = Release|Any CPU
		{5615E423-D0FD-4F99-A99C-061679615CEE}.Release|ARM.Build.0 = Release|Any CPU
		{5615E423-D0FD-4F99-A99C-061679615CEE}.Release|iPhone.ActiveCfg = Release|Any CPU
		{5615E423-D0FD-4F99-A99C-061679615CEE}.Release|iPhone.Build.0 = Release|Any CPU
		{5615E423-D0FD-4F99-A99C-061679615CEE}.Release|iPhoneSimulator.ActiveCfg = Release|Any CPU
		{5615E423-D0FD-4F99-A99C-061679615CEE}.Release|iPhoneSimulator.Build.0 = Release|Any CPU
		{5615E423-D0FD-4F99-A99C-061679615CEE}.Release|x64.ActiveCfg = Release|Any CPU
		{5615E423-D0FD-4F99-A99C-061679615CEE}.Release|x64.Build.0 = Release|Any CPU
		{5615E423-D0FD-4F99-A99C-061679615CEE}.Release|x86.ActiveCfg = Release|Any CPU
		{5615E423-D0FD-4F99-A99C-061679615CEE}.Release|x86.Build.0 = Release|Any CPU
		{0289A97A-AB8C-45F3-AA87-B05BB9471D7D}.Ad-Hoc|Any CPU.ActiveCfg = Packaging|Any CPU
		{0289A97A-AB8C-45F3-AA87-B05BB9471D7D}.Ad-Hoc|Any CPU.Build.0 = Packaging|Any CPU
		{0289A97A-AB8C-45F3-AA87-B05BB9471D7D}.Ad-Hoc|ARM.ActiveCfg = Packaging|Any CPU
		{0289A97A-AB8C-45F3-AA87-B05BB9471D7D}.Ad-Hoc|ARM.Build.0 = Packaging|Any CPU
		{0289A97A-AB8C-45F3-AA87-B05BB9471D7D}.Ad-Hoc|iPhone.ActiveCfg = Packaging|Any CPU
		{0289A97A-AB8C-45F3-AA87-B05BB9471D7D}.Ad-Hoc|iPhone.Build.0 = Packaging|Any CPU
		{0289A97A-AB8C-45F3-AA87-B05BB9471D7D}.Ad-Hoc|iPhoneSimulator.ActiveCfg = Packaging|Any CPU
		{0289A97A-AB8C-45F3-AA87-B05BB9471D7D}.Ad-Hoc|iPhoneSimulator.Build.0 = Packaging|Any CPU
		{0289A97A-AB8C-45F3-AA87-B05BB9471D7D}.Ad-Hoc|x64.ActiveCfg = Packaging|Any CPU
		{0289A97A-AB8C-45F3-AA87-B05BB9471D7D}.Ad-Hoc|x64.Build.0 = Packaging|Any CPU
		{0289A97A-AB8C-45F3-AA87-B05BB9471D7D}.Ad-Hoc|x86.ActiveCfg = Packaging|Any CPU
		{0289A97A-AB8C-45F3-AA87-B05BB9471D7D}.Ad-Hoc|x86.Build.0 = Packaging|Any CPU
		{0289A97A-AB8C-45F3-AA87-B05BB9471D7D}.AppStore|Any CPU.ActiveCfg = Packaging|Any CPU
		{0289A97A-AB8C-45F3-AA87-B05BB9471D7D}.AppStore|Any CPU.Build.0 = Packaging|Any CPU
		{0289A97A-AB8C-45F3-AA87-B05BB9471D7D}.AppStore|ARM.ActiveCfg = Packaging|Any CPU
		{0289A97A-AB8C-45F3-AA87-B05BB9471D7D}.AppStore|ARM.Build.0 = Packaging|Any CPU
		{0289A97A-AB8C-45F3-AA87-B05BB9471D7D}.AppStore|iPhone.ActiveCfg = Packaging|Any CPU
		{0289A97A-AB8C-45F3-AA87-B05BB9471D7D}.AppStore|iPhone.Build.0 = Packaging|Any CPU
		{0289A97A-AB8C-45F3-AA87-B05BB9471D7D}.AppStore|iPhoneSimulator.ActiveCfg = Packaging|Any CPU
		{0289A97A-AB8C-45F3-AA87-B05BB9471D7D}.AppStore|iPhoneSimulator.Build.0 = Packaging|Any CPU
		{0289A97A-AB8C-45F3-AA87-B05BB9471D7D}.AppStore|x64.ActiveCfg = Packaging|Any CPU
		{0289A97A-AB8C-45F3-AA87-B05BB9471D7D}.AppStore|x64.Build.0 = Packaging|Any CPU
		{0289A97A-AB8C-45F3-AA87-B05BB9471D7D}.AppStore|x86.ActiveCfg = Packaging|Any CPU
		{0289A97A-AB8C-45F3-AA87-B05BB9471D7D}.AppStore|x86.Build.0 = Packaging|Any CPU
		{0289A97A-AB8C-45F3-AA87-B05BB9471D7D}.Debug|Any CPU.ActiveCfg = Debug|Any CPU
		{0289A97A-AB8C-45F3-AA87-B05BB9471D7D}.Debug|Any CPU.Build.0 = Debug|Any CPU
		{0289A97A-AB8C-45F3-AA87-B05BB9471D7D}.Debug|ARM.ActiveCfg = Debug|Any CPU
		{0289A97A-AB8C-45F3-AA87-B05BB9471D7D}.Debug|ARM.Build.0 = Debug|Any CPU
		{0289A97A-AB8C-45F3-AA87-B05BB9471D7D}.Debug|iPhone.ActiveCfg = Debug|Any CPU
		{0289A97A-AB8C-45F3-AA87-B05BB9471D7D}.Debug|iPhone.Build.0 = Debug|Any CPU
		{0289A97A-AB8C-45F3-AA87-B05BB9471D7D}.Debug|iPhoneSimulator.ActiveCfg = Debug|Any CPU
		{0289A97A-AB8C-45F3-AA87-B05BB9471D7D}.Debug|iPhoneSimulator.Build.0 = Debug|Any CPU
		{0289A97A-AB8C-45F3-AA87-B05BB9471D7D}.Debug|x64.ActiveCfg = Debug|Any CPU
		{0289A97A-AB8C-45F3-AA87-B05BB9471D7D}.Debug|x64.Build.0 = Debug|Any CPU
		{0289A97A-AB8C-45F3-AA87-B05BB9471D7D}.Debug|x86.ActiveCfg = Debug|Any CPU
		{0289A97A-AB8C-45F3-AA87-B05BB9471D7D}.Debug|x86.Build.0 = Debug|Any CPU
		{0289A97A-AB8C-45F3-AA87-B05BB9471D7D}.Packaging|Any CPU.ActiveCfg = Packaging|Any CPU
		{0289A97A-AB8C-45F3-AA87-B05BB9471D7D}.Packaging|Any CPU.Build.0 = Packaging|Any CPU
		{0289A97A-AB8C-45F3-AA87-B05BB9471D7D}.Packaging|ARM.ActiveCfg = Packaging|Any CPU
		{0289A97A-AB8C-45F3-AA87-B05BB9471D7D}.Packaging|ARM.Build.0 = Packaging|Any CPU
		{0289A97A-AB8C-45F3-AA87-B05BB9471D7D}.Packaging|iPhone.ActiveCfg = Packaging|Any CPU
		{0289A97A-AB8C-45F3-AA87-B05BB9471D7D}.Packaging|iPhone.Build.0 = Packaging|Any CPU
		{0289A97A-AB8C-45F3-AA87-B05BB9471D7D}.Packaging|iPhoneSimulator.ActiveCfg = Packaging|Any CPU
		{0289A97A-AB8C-45F3-AA87-B05BB9471D7D}.Packaging|iPhoneSimulator.Build.0 = Packaging|Any CPU
		{0289A97A-AB8C-45F3-AA87-B05BB9471D7D}.Packaging|x64.ActiveCfg = Packaging|Any CPU
		{0289A97A-AB8C-45F3-AA87-B05BB9471D7D}.Packaging|x64.Build.0 = Packaging|Any CPU
		{0289A97A-AB8C-45F3-AA87-B05BB9471D7D}.Packaging|x86.ActiveCfg = Packaging|Any CPU
		{0289A97A-AB8C-45F3-AA87-B05BB9471D7D}.Packaging|x86.Build.0 = Packaging|Any CPU
		{0289A97A-AB8C-45F3-AA87-B05BB9471D7D}.Release|Any CPU.ActiveCfg = Release|Any CPU
		{0289A97A-AB8C-45F3-AA87-B05BB9471D7D}.Release|Any CPU.Build.0 = Release|Any CPU
		{0289A97A-AB8C-45F3-AA87-B05BB9471D7D}.Release|ARM.ActiveCfg = Release|Any CPU
		{0289A97A-AB8C-45F3-AA87-B05BB9471D7D}.Release|ARM.Build.0 = Release|Any CPU
		{0289A97A-AB8C-45F3-AA87-B05BB9471D7D}.Release|iPhone.ActiveCfg = Release|Any CPU
		{0289A97A-AB8C-45F3-AA87-B05BB9471D7D}.Release|iPhone.Build.0 = Release|Any CPU
		{0289A97A-AB8C-45F3-AA87-B05BB9471D7D}.Release|iPhoneSimulator.ActiveCfg = Release|Any CPU
		{0289A97A-AB8C-45F3-AA87-B05BB9471D7D}.Release|iPhoneSimulator.Build.0 = Release|Any CPU
		{0289A97A-AB8C-45F3-AA87-B05BB9471D7D}.Release|x64.ActiveCfg = Release|Any CPU
		{0289A97A-AB8C-45F3-AA87-B05BB9471D7D}.Release|x64.Build.0 = Release|Any CPU
		{0289A97A-AB8C-45F3-AA87-B05BB9471D7D}.Release|x86.ActiveCfg = Release|Any CPU
		{0289A97A-AB8C-45F3-AA87-B05BB9471D7D}.Release|x86.Build.0 = Release|Any CPU
		{374A309A-BEC8-4750-BCBF-97895BDFDC13}.Ad-Hoc|Any CPU.ActiveCfg = Packaging|Any CPU
		{374A309A-BEC8-4750-BCBF-97895BDFDC13}.Ad-Hoc|Any CPU.Build.0 = Packaging|Any CPU
		{374A309A-BEC8-4750-BCBF-97895BDFDC13}.Ad-Hoc|ARM.ActiveCfg = Packaging|Any CPU
		{374A309A-BEC8-4750-BCBF-97895BDFDC13}.Ad-Hoc|ARM.Build.0 = Packaging|Any CPU
		{374A309A-BEC8-4750-BCBF-97895BDFDC13}.Ad-Hoc|iPhone.ActiveCfg = Packaging|Any CPU
		{374A309A-BEC8-4750-BCBF-97895BDFDC13}.Ad-Hoc|iPhone.Build.0 = Packaging|Any CPU
		{374A309A-BEC8-4750-BCBF-97895BDFDC13}.Ad-Hoc|iPhoneSimulator.ActiveCfg = Packaging|Any CPU
		{374A309A-BEC8-4750-BCBF-97895BDFDC13}.Ad-Hoc|iPhoneSimulator.Build.0 = Packaging|Any CPU
		{374A309A-BEC8-4750-BCBF-97895BDFDC13}.Ad-Hoc|x64.ActiveCfg = Packaging|Any CPU
		{374A309A-BEC8-4750-BCBF-97895BDFDC13}.Ad-Hoc|x64.Build.0 = Packaging|Any CPU
		{374A309A-BEC8-4750-BCBF-97895BDFDC13}.Ad-Hoc|x86.ActiveCfg = Packaging|Any CPU
		{374A309A-BEC8-4750-BCBF-97895BDFDC13}.Ad-Hoc|x86.Build.0 = Packaging|Any CPU
		{374A309A-BEC8-4750-BCBF-97895BDFDC13}.AppStore|Any CPU.ActiveCfg = Packaging|Any CPU
		{374A309A-BEC8-4750-BCBF-97895BDFDC13}.AppStore|Any CPU.Build.0 = Packaging|Any CPU
		{374A309A-BEC8-4750-BCBF-97895BDFDC13}.AppStore|ARM.ActiveCfg = Packaging|Any CPU
		{374A309A-BEC8-4750-BCBF-97895BDFDC13}.AppStore|ARM.Build.0 = Packaging|Any CPU
		{374A309A-BEC8-4750-BCBF-97895BDFDC13}.AppStore|iPhone.ActiveCfg = Packaging|Any CPU
		{374A309A-BEC8-4750-BCBF-97895BDFDC13}.AppStore|iPhone.Build.0 = Packaging|Any CPU
		{374A309A-BEC8-4750-BCBF-97895BDFDC13}.AppStore|iPhoneSimulator.ActiveCfg = Packaging|Any CPU
		{374A309A-BEC8-4750-BCBF-97895BDFDC13}.AppStore|iPhoneSimulator.Build.0 = Packaging|Any CPU
		{374A309A-BEC8-4750-BCBF-97895BDFDC13}.AppStore|x64.ActiveCfg = Packaging|Any CPU
		{374A309A-BEC8-4750-BCBF-97895BDFDC13}.AppStore|x64.Build.0 = Packaging|Any CPU
		{374A309A-BEC8-4750-BCBF-97895BDFDC13}.AppStore|x86.ActiveCfg = Packaging|Any CPU
		{374A309A-BEC8-4750-BCBF-97895BDFDC13}.AppStore|x86.Build.0 = Packaging|Any CPU
		{374A309A-BEC8-4750-BCBF-97895BDFDC13}.Debug|Any CPU.ActiveCfg = Debug|Any CPU
		{374A309A-BEC8-4750-BCBF-97895BDFDC13}.Debug|Any CPU.Build.0 = Debug|Any CPU
		{374A309A-BEC8-4750-BCBF-97895BDFDC13}.Debug|ARM.ActiveCfg = Debug|Any CPU
		{374A309A-BEC8-4750-BCBF-97895BDFDC13}.Debug|ARM.Build.0 = Debug|Any CPU
		{374A309A-BEC8-4750-BCBF-97895BDFDC13}.Debug|iPhone.ActiveCfg = Debug|Any CPU
		{374A309A-BEC8-4750-BCBF-97895BDFDC13}.Debug|iPhone.Build.0 = Debug|Any CPU
		{374A309A-BEC8-4750-BCBF-97895BDFDC13}.Debug|iPhoneSimulator.ActiveCfg = Debug|Any CPU
		{374A309A-BEC8-4750-BCBF-97895BDFDC13}.Debug|iPhoneSimulator.Build.0 = Debug|Any CPU
		{374A309A-BEC8-4750-BCBF-97895BDFDC13}.Debug|x64.ActiveCfg = Debug|Any CPU
		{374A309A-BEC8-4750-BCBF-97895BDFDC13}.Debug|x64.Build.0 = Debug|Any CPU
		{374A309A-BEC8-4750-BCBF-97895BDFDC13}.Debug|x86.ActiveCfg = Debug|Any CPU
		{374A309A-BEC8-4750-BCBF-97895BDFDC13}.Debug|x86.Build.0 = Debug|Any CPU
		{374A309A-BEC8-4750-BCBF-97895BDFDC13}.Packaging|Any CPU.ActiveCfg = Packaging|Any CPU
		{374A309A-BEC8-4750-BCBF-97895BDFDC13}.Packaging|Any CPU.Build.0 = Packaging|Any CPU
		{374A309A-BEC8-4750-BCBF-97895BDFDC13}.Packaging|ARM.ActiveCfg = Packaging|Any CPU
		{374A309A-BEC8-4750-BCBF-97895BDFDC13}.Packaging|ARM.Build.0 = Packaging|Any CPU
		{374A309A-BEC8-4750-BCBF-97895BDFDC13}.Packaging|iPhone.ActiveCfg = Packaging|Any CPU
		{374A309A-BEC8-4750-BCBF-97895BDFDC13}.Packaging|iPhone.Build.0 = Packaging|Any CPU
		{374A309A-BEC8-4750-BCBF-97895BDFDC13}.Packaging|iPhoneSimulator.ActiveCfg = Packaging|Any CPU
		{374A309A-BEC8-4750-BCBF-97895BDFDC13}.Packaging|iPhoneSimulator.Build.0 = Packaging|Any CPU
		{374A309A-BEC8-4750-BCBF-97895BDFDC13}.Packaging|x64.ActiveCfg = Packaging|Any CPU
		{374A309A-BEC8-4750-BCBF-97895BDFDC13}.Packaging|x64.Build.0 = Packaging|Any CPU
		{374A309A-BEC8-4750-BCBF-97895BDFDC13}.Packaging|x86.ActiveCfg = Packaging|Any CPU
		{374A309A-BEC8-4750-BCBF-97895BDFDC13}.Packaging|x86.Build.0 = Packaging|Any CPU
		{374A309A-BEC8-4750-BCBF-97895BDFDC13}.Release|Any CPU.ActiveCfg = Release|Any CPU
		{374A309A-BEC8-4750-BCBF-97895BDFDC13}.Release|Any CPU.Build.0 = Release|Any CPU
		{374A309A-BEC8-4750-BCBF-97895BDFDC13}.Release|ARM.ActiveCfg = Release|Any CPU
		{374A309A-BEC8-4750-BCBF-97895BDFDC13}.Release|ARM.Build.0 = Release|Any CPU
		{374A309A-BEC8-4750-BCBF-97895BDFDC13}.Release|iPhone.ActiveCfg = Release|Any CPU
		{374A309A-BEC8-4750-BCBF-97895BDFDC13}.Release|iPhone.Build.0 = Release|Any CPU
		{374A309A-BEC8-4750-BCBF-97895BDFDC13}.Release|iPhoneSimulator.ActiveCfg = Release|Any CPU
		{374A309A-BEC8-4750-BCBF-97895BDFDC13}.Release|iPhoneSimulator.Build.0 = Release|Any CPU
		{374A309A-BEC8-4750-BCBF-97895BDFDC13}.Release|x64.ActiveCfg = Release|Any CPU
		{374A309A-BEC8-4750-BCBF-97895BDFDC13}.Release|x64.Build.0 = Release|Any CPU
		{374A309A-BEC8-4750-BCBF-97895BDFDC13}.Release|x86.ActiveCfg = Release|Any CPU
		{374A309A-BEC8-4750-BCBF-97895BDFDC13}.Release|x86.Build.0 = Release|Any CPU
		{E1153FA4-356A-454D-B32E-136102F2482F}.Ad-Hoc|Any CPU.ActiveCfg = Release|Any CPU
		{E1153FA4-356A-454D-B32E-136102F2482F}.Ad-Hoc|Any CPU.Build.0 = Release|Any CPU
		{E1153FA4-356A-454D-B32E-136102F2482F}.Ad-Hoc|ARM.ActiveCfg = Release|Any CPU
		{E1153FA4-356A-454D-B32E-136102F2482F}.Ad-Hoc|ARM.Build.0 = Release|Any CPU
		{E1153FA4-356A-454D-B32E-136102F2482F}.Ad-Hoc|iPhone.ActiveCfg = Release|Any CPU
		{E1153FA4-356A-454D-B32E-136102F2482F}.Ad-Hoc|iPhone.Build.0 = Release|Any CPU
		{E1153FA4-356A-454D-B32E-136102F2482F}.Ad-Hoc|iPhoneSimulator.ActiveCfg = Release|Any CPU
		{E1153FA4-356A-454D-B32E-136102F2482F}.Ad-Hoc|iPhoneSimulator.Build.0 = Release|Any CPU
		{E1153FA4-356A-454D-B32E-136102F2482F}.Ad-Hoc|x64.ActiveCfg = Release|Any CPU
		{E1153FA4-356A-454D-B32E-136102F2482F}.Ad-Hoc|x64.Build.0 = Release|Any CPU
		{E1153FA4-356A-454D-B32E-136102F2482F}.Ad-Hoc|x86.ActiveCfg = Release|Any CPU
		{E1153FA4-356A-454D-B32E-136102F2482F}.Ad-Hoc|x86.Build.0 = Release|Any CPU
		{E1153FA4-356A-454D-B32E-136102F2482F}.AppStore|Any CPU.ActiveCfg = Release|Any CPU
		{E1153FA4-356A-454D-B32E-136102F2482F}.AppStore|Any CPU.Build.0 = Release|Any CPU
		{E1153FA4-356A-454D-B32E-136102F2482F}.AppStore|ARM.ActiveCfg = Release|Any CPU
		{E1153FA4-356A-454D-B32E-136102F2482F}.AppStore|ARM.Build.0 = Release|Any CPU
		{E1153FA4-356A-454D-B32E-136102F2482F}.AppStore|iPhone.ActiveCfg = Release|Any CPU
		{E1153FA4-356A-454D-B32E-136102F2482F}.AppStore|iPhone.Build.0 = Release|Any CPU
		{E1153FA4-356A-454D-B32E-136102F2482F}.AppStore|iPhoneSimulator.ActiveCfg = Release|Any CPU
		{E1153FA4-356A-454D-B32E-136102F2482F}.AppStore|iPhoneSimulator.Build.0 = Release|Any CPU
		{E1153FA4-356A-454D-B32E-136102F2482F}.AppStore|x64.ActiveCfg = Release|Any CPU
		{E1153FA4-356A-454D-B32E-136102F2482F}.AppStore|x64.Build.0 = Release|Any CPU
		{E1153FA4-356A-454D-B32E-136102F2482F}.AppStore|x86.ActiveCfg = Release|Any CPU
		{E1153FA4-356A-454D-B32E-136102F2482F}.AppStore|x86.Build.0 = Release|Any CPU
		{E1153FA4-356A-454D-B32E-136102F2482F}.Debug|Any CPU.ActiveCfg = Debug|Any CPU
		{E1153FA4-356A-454D-B32E-136102F2482F}.Debug|Any CPU.Build.0 = Debug|Any CPU
		{E1153FA4-356A-454D-B32E-136102F2482F}.Debug|ARM.ActiveCfg = Debug|Any CPU
		{E1153FA4-356A-454D-B32E-136102F2482F}.Debug|ARM.Build.0 = Debug|Any CPU
		{E1153FA4-356A-454D-B32E-136102F2482F}.Debug|iPhone.ActiveCfg = Debug|Any CPU
		{E1153FA4-356A-454D-B32E-136102F2482F}.Debug|iPhone.Build.0 = Debug|Any CPU
		{E1153FA4-356A-454D-B32E-136102F2482F}.Debug|iPhoneSimulator.ActiveCfg = Debug|Any CPU
		{E1153FA4-356A-454D-B32E-136102F2482F}.Debug|iPhoneSimulator.Build.0 = Debug|Any CPU
		{E1153FA4-356A-454D-B32E-136102F2482F}.Debug|x64.ActiveCfg = Debug|Any CPU
		{E1153FA4-356A-454D-B32E-136102F2482F}.Debug|x64.Build.0 = Debug|Any CPU
		{E1153FA4-356A-454D-B32E-136102F2482F}.Debug|x86.ActiveCfg = Debug|Any CPU
		{E1153FA4-356A-454D-B32E-136102F2482F}.Debug|x86.Build.0 = Debug|Any CPU
		{E1153FA4-356A-454D-B32E-136102F2482F}.Packaging|Any CPU.ActiveCfg = Release|Any CPU
		{E1153FA4-356A-454D-B32E-136102F2482F}.Packaging|Any CPU.Build.0 = Release|Any CPU
		{E1153FA4-356A-454D-B32E-136102F2482F}.Packaging|ARM.ActiveCfg = Release|Any CPU
		{E1153FA4-356A-454D-B32E-136102F2482F}.Packaging|ARM.Build.0 = Release|Any CPU
		{E1153FA4-356A-454D-B32E-136102F2482F}.Packaging|iPhone.ActiveCfg = Release|Any CPU
		{E1153FA4-356A-454D-B32E-136102F2482F}.Packaging|iPhone.Build.0 = Release|Any CPU
		{E1153FA4-356A-454D-B32E-136102F2482F}.Packaging|iPhoneSimulator.ActiveCfg = Release|Any CPU
		{E1153FA4-356A-454D-B32E-136102F2482F}.Packaging|iPhoneSimulator.Build.0 = Release|Any CPU
		{E1153FA4-356A-454D-B32E-136102F2482F}.Packaging|x64.ActiveCfg = Release|Any CPU
		{E1153FA4-356A-454D-B32E-136102F2482F}.Packaging|x64.Build.0 = Release|Any CPU
		{E1153FA4-356A-454D-B32E-136102F2482F}.Packaging|x86.ActiveCfg = Release|Any CPU
		{E1153FA4-356A-454D-B32E-136102F2482F}.Packaging|x86.Build.0 = Release|Any CPU
		{E1153FA4-356A-454D-B32E-136102F2482F}.Release|Any CPU.ActiveCfg = Release|Any CPU
		{E1153FA4-356A-454D-B32E-136102F2482F}.Release|Any CPU.Build.0 = Release|Any CPU
		{E1153FA4-356A-454D-B32E-136102F2482F}.Release|ARM.ActiveCfg = Release|Any CPU
		{E1153FA4-356A-454D-B32E-136102F2482F}.Release|ARM.Build.0 = Release|Any CPU
		{E1153FA4-356A-454D-B32E-136102F2482F}.Release|iPhone.ActiveCfg = Release|Any CPU
		{E1153FA4-356A-454D-B32E-136102F2482F}.Release|iPhone.Build.0 = Release|Any CPU
		{E1153FA4-356A-454D-B32E-136102F2482F}.Release|iPhoneSimulator.ActiveCfg = Release|Any CPU
		{E1153FA4-356A-454D-B32E-136102F2482F}.Release|iPhoneSimulator.Build.0 = Release|Any CPU
		{E1153FA4-356A-454D-B32E-136102F2482F}.Release|x64.ActiveCfg = Release|Any CPU
		{E1153FA4-356A-454D-B32E-136102F2482F}.Release|x64.Build.0 = Release|Any CPU
		{E1153FA4-356A-454D-B32E-136102F2482F}.Release|x86.ActiveCfg = Release|Any CPU
		{E1153FA4-356A-454D-B32E-136102F2482F}.Release|x86.Build.0 = Release|Any CPU
		{DCE46CB2-0317-4A62-9613-AE6A240C46DB}.Ad-Hoc|Any CPU.ActiveCfg = Release|Any CPU
		{DCE46CB2-0317-4A62-9613-AE6A240C46DB}.Ad-Hoc|Any CPU.Build.0 = Release|Any CPU
		{DCE46CB2-0317-4A62-9613-AE6A240C46DB}.Ad-Hoc|ARM.ActiveCfg = Release|Any CPU
		{DCE46CB2-0317-4A62-9613-AE6A240C46DB}.Ad-Hoc|ARM.Build.0 = Release|Any CPU
		{DCE46CB2-0317-4A62-9613-AE6A240C46DB}.Ad-Hoc|iPhone.ActiveCfg = Release|Any CPU
		{DCE46CB2-0317-4A62-9613-AE6A240C46DB}.Ad-Hoc|iPhone.Build.0 = Release|Any CPU
		{DCE46CB2-0317-4A62-9613-AE6A240C46DB}.Ad-Hoc|iPhoneSimulator.ActiveCfg = Release|Any CPU
		{DCE46CB2-0317-4A62-9613-AE6A240C46DB}.Ad-Hoc|iPhoneSimulator.Build.0 = Release|Any CPU
		{DCE46CB2-0317-4A62-9613-AE6A240C46DB}.Ad-Hoc|x64.ActiveCfg = Release|Any CPU
		{DCE46CB2-0317-4A62-9613-AE6A240C46DB}.Ad-Hoc|x64.Build.0 = Release|Any CPU
		{DCE46CB2-0317-4A62-9613-AE6A240C46DB}.Ad-Hoc|x86.ActiveCfg = Release|Any CPU
		{DCE46CB2-0317-4A62-9613-AE6A240C46DB}.Ad-Hoc|x86.Build.0 = Release|Any CPU
		{DCE46CB2-0317-4A62-9613-AE6A240C46DB}.AppStore|Any CPU.ActiveCfg = Release|Any CPU
		{DCE46CB2-0317-4A62-9613-AE6A240C46DB}.AppStore|Any CPU.Build.0 = Release|Any CPU
		{DCE46CB2-0317-4A62-9613-AE6A240C46DB}.AppStore|ARM.ActiveCfg = Release|Any CPU
		{DCE46CB2-0317-4A62-9613-AE6A240C46DB}.AppStore|ARM.Build.0 = Release|Any CPU
		{DCE46CB2-0317-4A62-9613-AE6A240C46DB}.AppStore|iPhone.ActiveCfg = Release|Any CPU
		{DCE46CB2-0317-4A62-9613-AE6A240C46DB}.AppStore|iPhone.Build.0 = Release|Any CPU
		{DCE46CB2-0317-4A62-9613-AE6A240C46DB}.AppStore|iPhoneSimulator.ActiveCfg = Release|Any CPU
		{DCE46CB2-0317-4A62-9613-AE6A240C46DB}.AppStore|iPhoneSimulator.Build.0 = Release|Any CPU
		{DCE46CB2-0317-4A62-9613-AE6A240C46DB}.AppStore|x64.ActiveCfg = Release|Any CPU
		{DCE46CB2-0317-4A62-9613-AE6A240C46DB}.AppStore|x64.Build.0 = Release|Any CPU
		{DCE46CB2-0317-4A62-9613-AE6A240C46DB}.AppStore|x86.ActiveCfg = Release|Any CPU
		{DCE46CB2-0317-4A62-9613-AE6A240C46DB}.AppStore|x86.Build.0 = Release|Any CPU
		{DCE46CB2-0317-4A62-9613-AE6A240C46DB}.Debug|Any CPU.ActiveCfg = Debug|Any CPU
		{DCE46CB2-0317-4A62-9613-AE6A240C46DB}.Debug|Any CPU.Build.0 = Debug|Any CPU
		{DCE46CB2-0317-4A62-9613-AE6A240C46DB}.Debug|ARM.ActiveCfg = Debug|Any CPU
		{DCE46CB2-0317-4A62-9613-AE6A240C46DB}.Debug|ARM.Build.0 = Debug|Any CPU
		{DCE46CB2-0317-4A62-9613-AE6A240C46DB}.Debug|iPhone.ActiveCfg = Debug|Any CPU
		{DCE46CB2-0317-4A62-9613-AE6A240C46DB}.Debug|iPhone.Build.0 = Debug|Any CPU
		{DCE46CB2-0317-4A62-9613-AE6A240C46DB}.Debug|iPhoneSimulator.ActiveCfg = Debug|Any CPU
		{DCE46CB2-0317-4A62-9613-AE6A240C46DB}.Debug|iPhoneSimulator.Build.0 = Debug|Any CPU
		{DCE46CB2-0317-4A62-9613-AE6A240C46DB}.Debug|x64.ActiveCfg = Debug|Any CPU
		{DCE46CB2-0317-4A62-9613-AE6A240C46DB}.Debug|x64.Build.0 = Debug|Any CPU
		{DCE46CB2-0317-4A62-9613-AE6A240C46DB}.Debug|x86.ActiveCfg = Debug|Any CPU
		{DCE46CB2-0317-4A62-9613-AE6A240C46DB}.Debug|x86.Build.0 = Debug|Any CPU
		{DCE46CB2-0317-4A62-9613-AE6A240C46DB}.Packaging|Any CPU.ActiveCfg = Release|Any CPU
		{DCE46CB2-0317-4A62-9613-AE6A240C46DB}.Packaging|Any CPU.Build.0 = Release|Any CPU
		{DCE46CB2-0317-4A62-9613-AE6A240C46DB}.Packaging|ARM.ActiveCfg = Release|Any CPU
		{DCE46CB2-0317-4A62-9613-AE6A240C46DB}.Packaging|ARM.Build.0 = Release|Any CPU
		{DCE46CB2-0317-4A62-9613-AE6A240C46DB}.Packaging|iPhone.ActiveCfg = Release|Any CPU
		{DCE46CB2-0317-4A62-9613-AE6A240C46DB}.Packaging|iPhone.Build.0 = Release|Any CPU
		{DCE46CB2-0317-4A62-9613-AE6A240C46DB}.Packaging|iPhoneSimulator.ActiveCfg = Release|Any CPU
		{DCE46CB2-0317-4A62-9613-AE6A240C46DB}.Packaging|iPhoneSimulator.Build.0 = Release|Any CPU
		{DCE46CB2-0317-4A62-9613-AE6A240C46DB}.Packaging|x64.ActiveCfg = Release|Any CPU
		{DCE46CB2-0317-4A62-9613-AE6A240C46DB}.Packaging|x64.Build.0 = Release|Any CPU
		{DCE46CB2-0317-4A62-9613-AE6A240C46DB}.Packaging|x86.ActiveCfg = Release|Any CPU
		{DCE46CB2-0317-4A62-9613-AE6A240C46DB}.Packaging|x86.Build.0 = Release|Any CPU
		{DCE46CB2-0317-4A62-9613-AE6A240C46DB}.Release|Any CPU.ActiveCfg = Release|Any CPU
		{DCE46CB2-0317-4A62-9613-AE6A240C46DB}.Release|Any CPU.Build.0 = Release|Any CPU
		{DCE46CB2-0317-4A62-9613-AE6A240C46DB}.Release|ARM.ActiveCfg = Release|Any CPU
		{DCE46CB2-0317-4A62-9613-AE6A240C46DB}.Release|ARM.Build.0 = Release|Any CPU
		{DCE46CB2-0317-4A62-9613-AE6A240C46DB}.Release|iPhone.ActiveCfg = Release|Any CPU
		{DCE46CB2-0317-4A62-9613-AE6A240C46DB}.Release|iPhone.Build.0 = Release|Any CPU
		{DCE46CB2-0317-4A62-9613-AE6A240C46DB}.Release|iPhoneSimulator.ActiveCfg = Release|Any CPU
		{DCE46CB2-0317-4A62-9613-AE6A240C46DB}.Release|iPhoneSimulator.Build.0 = Release|Any CPU
		{DCE46CB2-0317-4A62-9613-AE6A240C46DB}.Release|x64.ActiveCfg = Release|Any CPU
		{DCE46CB2-0317-4A62-9613-AE6A240C46DB}.Release|x64.Build.0 = Release|Any CPU
		{DCE46CB2-0317-4A62-9613-AE6A240C46DB}.Release|x86.ActiveCfg = Release|Any CPU
		{DCE46CB2-0317-4A62-9613-AE6A240C46DB}.Release|x86.Build.0 = Release|Any CPU
	EndGlobalSection
	GlobalSection(SolutionProperties) = preSolution
		HideSolutionNode = FALSE
	EndGlobalSection
	GlobalSection(NestedProjects) = preSolution
		{443E1BEE-43B3-45A1-ACEA-F7BA71BDAAB1} = {54A7E3C2-C813-4F72-950B-A614BAD00813}
		{5615E423-D0FD-4F99-A99C-061679615CEE} = {54A7E3C2-C813-4F72-950B-A614BAD00813}
		{0289A97A-AB8C-45F3-AA87-B05BB9471D7D} = {54A7E3C2-C813-4F72-950B-A614BAD00813}
		{374A309A-BEC8-4750-BCBF-97895BDFDC13} = {54A7E3C2-C813-4F72-950B-A614BAD00813}
		{E1153FA4-356A-454D-B32E-136102F2482F} = {54A7E3C2-C813-4F72-950B-A614BAD00813}
		{DCE46CB2-0317-4A62-9613-AE6A240C46DB} = {54A7E3C2-C813-4F72-950B-A614BAD00813}
	EndGlobalSection
	GlobalSection(ExtensibilityGlobals) = postSolution
		SolutionGuid = {0B1BBA79-1A7F-42DD-8AFD-E2B856BDD4B9}
	EndGlobalSection
EndGlobal
